<Solution>
  <Folder Name="/deploy/" />
  <Folder Name="/deploy/docker/">
    <File Path="deploy/docker/Dockerfile" />
  </Folder>
  <Folder Name="/deploy/k8s/">
    <File Path="deploy/k8s/configmap.yaml" />
    <File Path="deploy/k8s/deployment.yaml" />
    <File Path="deploy/k8s/service.yaml" />
  </Folder>
  <Folder Name="/Solution Items/">
    <File Path=".dockerignore" />
  </Folder>
  <Folder Name="/src/">
    <Project Path="src/AssetForge.Core/AssetForge.Core.csproj" />
    <Project Path="src/AssetForge.Service/AssetForge.Service.csproj" />
    <Project Path="src/AssetForge.Tools.Wpf/AssetForge.Tools.Wpf.csproj" />
    <Project Path="src/AssetForge.Worker/AssetForge.Worker.csproj" />
  </Folder>
  <Folder Name="/tests/">
    <Project Path="tests/AssetForge.Core.Tests/AssetForge.Core.Tests.csproj" />
  </Folder>
</Solution>
